
Microsoft Visual Studio Solution File, Format Version 12.00
# Visual Studio 2012
Project("{FAE04EC0-301F-11D3-BF4B-00C04F79EFBC}") = "Ejemplo2", "Ejemplo2\Ejemplo2.csproj", "{14E01C9D-823A-43CE-BCC0-F5C8D8386E6D}"
EndProject
Global
	GlobalSection(SolutionConfigurationPlatforms) = preSolution
		Debug|x86 = Debug|x86
		Release|x86 = Release|x86
	EndGlobalSection
	GlobalSection(ProjectConfigurationPlatforms) = postSolution
		{14E01C9D-823A-43CE-BCC0-F5C8D8386E6D}.Debug|x86.ActiveCfg = Debug|x86
		{14E01C9D-823A-43CE-BCC0-F5C8D8386E6D}.Debug|x86.Build.0 = Debug|x86
		{14E01C9D-823A-43CE-BCC0-F5C8D8386E6D}.Release|x86.ActiveCfg = Release|x86
		{14E01C9D-823A-43CE-BCC0-F5C8D8386E6D}.Release|x86.Build.0 = Release|x86
	EndGlobalSection
EndGlobal
